
Microsoft Visual Studio Solution File, Format Version 12.00
# Visual Studio Version 16
VisualStudioVersion = 16.0.30907.101
MinimumVisualStudioVersion = 10.0.40219.1
Project("{8BC9CEB8-8B4A-11D0-8D11-00A0C91BC942}") = "MultiThreading", "MultiThreading\MultiThreading.vcxproj", "{F7087A44-6574-4732-923B-69CA27142262}"
EndProject
Project("{8BC9CEB8-8B4A-11D0-8D11-00A0C91BC942}") = "MultithreadTester", "MultithreadTester\MultithreadTester.vcxproj", "{22065C91-6850-4482-86A5-7959418FC47E}"
EndProject
Global
	GlobalSection(SolutionConfigurationPlatforms) = preSolution
		Debug|x64 = Debug|x64
		Debug|x86 = Debug|x86
		Release|x64 = Release|x64
		Release|x86 = Release|x86
	EndGlobalSection
	GlobalSection(ProjectConfigurationPlatforms) = postSolution
		{F7087A44-6574-4732-923B-69CA27142262}.Debug|x64.ActiveCfg = Debug|x64
		{F7087A44-6574-4732-923B-69CA27142262}.Debug|x64.Build.0 = Debug|x64
		{F7087A44-6574-4732-923B-69CA27142262}.Debug|x86.ActiveCfg = Debug|Win32
		{F7087A44-6574-4732-923B-69CA27142262}.Debug|x86.Build.0 = Debug|Win32
		{F7087A44-6574-4732-923B-69CA27142262}.Release|x64.ActiveCfg = Release|x64
		{F7087A44-6574-4732-923B-69CA27142262}.Release|x64.Build.0 = Release|x64
		{F7087A44-6574-4732-923B-69CA27142262}.Release|x86.ActiveCfg = Release|Win32
		{F7087A44-6574-4732-923B-69CA27142262}.Release|x86.Build.0 = Release|Win32
		{22065C91-6850-4482-86A5-7959418FC47E}.Debug|x64.ActiveCfg = Debug|x64
		{22065C91-6850-4482-86A5-7959418FC47E}.Debug|x64.Build.0 = Debug|x64
		{22065C91-6850-4482-86A5-7959418FC47E}.Debug|x86.ActiveCfg = Debug|Win32
		{22065C91-6850-4482-86A5-7959418FC47E}.Debug|x86.Build.0 = Debug|Win32
		{22065C91-6850-4482-86A5-7959418FC47E}.Release|x64.ActiveCfg = Release|x64
		{22065C91-6850-4482-86A5-7959418FC47E}.Release|x64.Build.0 = Release|x64
		{22065C91-6850-4482-86A5-7959418FC47E}.Release|x86.ActiveCfg = Release|Win32
		{22065C91-6850-4482-86A5-7959418FC47E}.Release|x86.Build.0 = Release|Win32
	EndGlobalSection
	GlobalSection(SolutionProperties) = preSolution
		HideSolutionNode = FALSE
	EndGlobalSection
	GlobalSection(ExtensibilityGlobals) = postSolution
		SolutionGuid = {E1F1D11D-5929-44CD-8A0A-EA0930202BA2}
	EndGlobalSection
EndGlobal
